<?xml version="1.0" encoding="utf-8"?>
<Project ToolsVersion="4.0" xmlns="http://schemas.microsoft.com/developer/msbuild/2003">
  <ItemGroup>
    <Filter Include="Generated Files">
      <UniqueIdentifier>{71ED8ED8-ACB9-4CE9-BBE1-E00B30144E11}</UniqueIdentifier>
      <Extensions>cpp;c;cxx;moc;h;def;odl;idl;res;</Extensions>
    </Filter>
    <Filter Include="Generated Files">
      <UniqueIdentifier>{71ED8ED8-ACB9-4CE9-BBE1-E00B30144E11}</UniqueIdentifier>
      <Extensions>cpp;c;cxx;moc;h;def;odl;idl;res;</Extensions>
    </Filter>
    <Filter Include="Header Files">
      <UniqueIdentifier>{93995380-89BD-4b04-88EB-625FBE52EBFB}</UniqueIdentifier>
      <Extensions>h;hpp;hxx;hm;inl;inc;xsd</Extensions>
    </Filter>
    <Filter Include="Header Files">
      <UniqueIdentifier>{93995380-89BD-4b04-88EB-625FBE52EBFB}</UniqueIdentifier>
      <Extensions>h;hpp;hxx;hm;inl;inc;xsd</Extensions>
    </Filter>
    <Filter Include="Resource Files">
      <UniqueIdentifier>{D9D6E242-F8AF-46E4-B9FD-80ECBC20BA3E}</UniqueIdentifier>
      <Extensions>qrc;*</Extensions>
      <ParseFiles>false</ParseFiles>
    </Filter>
    <Filter Include="Resource Files">
      <UniqueIdentifier>{D9D6E242-F8AF-46E4-B9FD-80ECBC20BA3E}</UniqueIdentifier>
      <Extensions>qrc;*</Extensions>
      <ParseFiles>false</ParseFiles>
    </Filter>
    <Filter Include="Source Files">
      <UniqueIdentifier>{4FC737F1-C7A5-4376-A066-2A32D752A2FF}</UniqueIdentifier>
      <Extensions>cpp;c;cxx;def;odl;idl;hpj;bat;asm;asmx</Extensions>
    </Filter>
    <Filter Include="Source Files">
      <UniqueIdentifier>{4FC737F1-C7A5-4376-A066-2A32D752A2FF}</UniqueIdentifier>
      <Extensions>cpp;c;cxx;def;odl;idl;hpj;bat;asm;asmx</Extensions>
    </Filter>
  </ItemGroup>
  <ItemGroup>
    <ClCompile Include="Blur.cpp">
      <Filter>Source Files</Filter>
    </ClCompile>
    <ClCompile Include="Blur2.cpp">
      <Filter>Source Files</Filter>
    </ClCompile>
    <ClCompile Include="Blur_weighed.cpp">
      <Filter>Source Files</Filter>
    </ClCompile>
    <ClCompile Include="Clip.cpp">
      <Filter>Source Files</Filter>
    </ClCompile>
    <ClCompile Include="Contrast.cpp">
      <Filter>Source Files</Filter>
    </ClCompile>
    <ClCompile Include="Convolve.cpp">
      <Filter>Source Files</Filter>
    </ClCompile>
    <ClCompile Include="Correlation.cpp">
      <Filter>Source Files</Filter>
    </ClCompile>
    <ClCompile Include="Dummy.cpp">
      <Filter>Source Files</Filter>
    </ClCompile>
    <ClCompile Include="ErrDiffusion.cpp">
      <Filter>Source Files</Filter>
    </ClCompile>
    <ClCompile Include="GLWidget.cpp">
      <Filter>Source Files</Filter>
    </ClCompile>
    <ClCompile Include="Gamma.cpp">
      <Filter>Source Files</Filter>
    </ClCompile>
    <ClCompile Include="HistoMatch.cpp">
      <Filter>Source Files</Filter>
    </ClCompile>
    <ClCompile Include="HistoStretch.cpp">
      <Filter>Source Files</Filter>
    </ClCompile>
    <ClCompile Include="ImageFilter.cpp">
      <Filter>Source Files</Filter>
    </ClCompile>
    <ClCompile Include="MainWindow.cpp">
      <Filter>Source Files</Filter>
    </ClCompile>
    <ClCompile Include="Median.cpp">
      <Filter>Source Files</Filter>
    </ClCompile>
    <ClCompile Include="Quantize.cpp">
      <Filter>Source Files</Filter>
    </ClCompile>
    <ClCompile Include="Sharpen.cpp">
      <Filter>Source Files</Filter>
    </ClCompile>
    <ClCompile Include="Threshold.cpp">
      <Filter>Source Files</Filter>
    </ClCompile>
    <ClCompile Include="main.cpp">
      <Filter>Source Files</Filter>
    </ClCompile>
    <ClCompile Include="qcustomplot.cpp">
      <Filter>Source Files</Filter>
    </ClCompile>
  </ItemGroup>
  <ItemGroup>
    <CustomBuild Include="Blur.h">
      <Filter>Header Files</Filter>
    </CustomBuild>
    <CustomBuild Include="Blur2.h">
      <Filter>Header Files</Filter>
    </CustomBuild>
    <CustomBuild Include="Blur_weighed.h">
      <Filter>Header Files</Filter>
    </CustomBuild>
    <CustomBuild Include="Clip.h">
      <Filter>Header Files</Filter>
    </CustomBuild>
    <CustomBuild Include="Contrast.h">
      <Filter>Header Files</Filter>
    </CustomBuild>
    <CustomBuild Include="Convolve.h">
      <Filter>Header Files</Filter>
    </CustomBuild>
    <CustomBuild Include="Correlation.h">
      <Filter>Header Files</Filter>
    </CustomBuild>
    <CustomBuild Include="Dummy.h">
      <Filter>Header Files</Filter>
    </CustomBuild>
    <CustomBuild Include="ErrDiffusion.h">
      <Filter>Header Files</Filter>
    </CustomBuild>
    <ClInclude Include="GLWidget.h">
      <Filter>Header Files</Filter>
    </ClInclude>
    <CustomBuild Include="Gamma.h">
      <Filter>Header Files</Filter>
    </CustomBuild>
    <CustomBuild Include="HistoMatch.h">
      <Filter>Header Files</Filter>
    </CustomBuild>
    <CustomBuild Include="HistoStretch.h">
      <Filter>Header Files</Filter>
    </CustomBuild>
    <ClInclude Include="ImageFilter.h">
      <Filter>Header Files</Filter>
    </ClInclude>
    <CustomBuild Include="MainWindow.h">
      <Filter>Header Files</Filter>
    </CustomBuild>
    <CustomBuild Include="Median.h">
      <Filter>Header Files</Filter>
    </CustomBuild>
    <CustomBuild Include="Quantize.h">
      <Filter>Header Files</Filter>
    </CustomBuild>
    <CustomBuild Include="Sharpen.h">
      <Filter>Header Files</Filter>
    </CustomBuild>
    <CustomBuild Include="Threshold.h">
      <Filter>Header Files</Filter>
    </CustomBuild>
    <CustomBuild Include="qcustomplot.h">
      <Filter>Header Files</Filter>
    </CustomBuild>
  </ItemGroup>
  <ItemGroup>
    <ClCompile Include="debug\.moc\moc_Blur.cpp">
      <Filter>Generated Files</Filter>
    </ClCompile>
    <ClCompile Include="release\.moc\moc_Blur.cpp">
      <Filter>Generated Files</Filter>
    </ClCompile>
    <ClCompile Include="debug\.moc\moc_Blur2.cpp">
      <Filter>Generated Files</Filter>
    </ClCompile>
    <ClCompile Include="release\.moc\moc_Blur2.cpp">
      <Filter>Generated Files</Filter>
    </ClCompile>
    <ClCompile Include="debug\.moc\moc_Blur_weighed.cpp">
      <Filter>Generated Files</Filter>
    </ClCompile>
    <ClCompile Include="release\.moc\moc_Blur_weighed.cpp">
      <Filter>Generated Files</Filter>
    </ClCompile>
    <ClCompile Include="debug\.moc\moc_Clip.cpp">
      <Filter>Generated Files</Filter>
    </ClCompile>
    <ClCompile Include="release\.moc\moc_Clip.cpp">
      <Filter>Generated Files</Filter>
    </ClCompile>
    <ClCompile Include="debug\.moc\moc_Contrast.cpp">
      <Filter>Generated Files</Filter>
    </ClCompile>
    <ClCompile Include="release\.moc\moc_Contrast.cpp">
      <Filter>Generated Files</Filter>
    </ClCompile>
    <ClCompile Include="debug\.moc\moc_Convolve.cpp">
      <Filter>Generated Files</Filter>
    </ClCompile>
    <ClCompile Include="release\.moc\moc_Convolve.cpp">
      <Filter>Generated Files</Filter>
    </ClCompile>
    <ClCompile Include="debug\.moc\moc_Correlation.cpp">
      <Filter>Generated Files</Filter>
    </ClCompile>
    <ClCompile Include="release\.moc\moc_Correlation.cpp">
      <Filter>Generated Files</Filter>
    </ClCompile>
    <ClCompile Include="debug\.moc\moc_Dummy.cpp">
      <Filter>Generated Files</Filter>
    </ClCompile>
    <ClCompile Include="release\.moc\moc_Dummy.cpp">
      <Filter>Generated Files</Filter>
    </ClCompile>
    <ClCompile Include="debug\.moc\moc_ErrDiffusion.cpp">
      <Filter>Generated Files</Filter>
    </ClCompile>
    <ClCompile Include="release\.moc\moc_ErrDiffusion.cpp">
      <Filter>Generated Files</Filter>
    </ClCompile>
    <ClCompile Include="debug\.moc\moc_Gamma.cpp">
      <Filter>Generated Files</Filter>
    </ClCompile>
    <ClCompile Include="release\.moc\moc_Gamma.cpp">
      <Filter>Generated Files</Filter>
    </ClCompile>
    <ClCompile Include="debug\.moc\moc_HistoMatch.cpp">
      <Filter>Generated Files</Filter>
    </ClCompile>
    <ClCompile Include="release\.moc\moc_HistoMatch.cpp">
      <Filter>Generated Files</Filter>
    </ClCompile>
    <ClCompile Include="debug\.moc\moc_HistoStretch.cpp">
      <Filter>Generated Files</Filter>
    </ClCompile>
    <ClCompile Include="release\.moc\moc_HistoStretch.cpp">
      <Filter>Generated Files</Filter>
    </ClCompile>
    <ClCompile Include="debug\.moc\moc_MainWindow.cpp">
      <Filter>Generated Files</Filter>
    </ClCompile>
    <ClCompile Include="release\.moc\moc_MainWindow.cpp">
      <Filter>Generated Files</Filter>
    </ClCompile>
    <ClCompile Include="debug\.moc\moc_Median.cpp">
      <Filter>Generated Files</Filter>
    </ClCompile>
    <ClCompile Include="release\.moc\moc_Median.cpp">
      <Filter>Generated Files</Filter>
    </ClCompile>
    <ClCompile Include="debug\.moc\moc_Quantize.cpp">
      <Filter>Generated Files</Filter>
    </ClCompile>
    <ClCompile Include="release\.moc\moc_Quantize.cpp">
      <Filter>Generated Files</Filter>
    </ClCompile>
    <ClCompile Include="debug\.moc\moc_Sharpen.cpp">
      <Filter>Generated Files</Filter>
    </ClCompile>
    <ClCompile Include="release\.moc\moc_Sharpen.cpp">
      <Filter>Generated Files</Filter>
    </ClCompile>
    <ClCompile Include="debug\.moc\moc_Threshold.cpp">
      <Filter>Generated Files</Filter>
    </ClCompile>
    <ClCompile Include="release\.moc\moc_Threshold.cpp">
      <Filter>Generated Files</Filter>
    </ClCompile>
    <ClCompile Include="debug\.moc\moc_qcustomplot.cpp">
      <Filter>Generated Files</Filter>
    </ClCompile>
    <ClCompile Include="release\.moc\moc_qcustomplot.cpp">
      <Filter>Generated Files</Filter>
    </ClCompile>
    <ClCompile Include="debug\qrc_qip.cpp">
      <Filter>Generated Files</Filter>
    </ClCompile>
    <ClCompile Include="release\qrc_qip.cpp">
      <Filter>Generated Files</Filter>
    </ClCompile>
  </ItemGroup>
  <ItemGroup>
    <None Include="hw2\fshader_blur.glsl">
      <Filter>Resource Files</Filter>
    </None>
    <None Include="hw2\fshader_blur1.glsl">
      <Filter>Resource Files</Filter>
    </None>
    <None Include="hw2\fshader_blur1_Mac.glsl">
      <Filter>Resource Files</Filter>
    </None>
    <None Include="hw2\fshader_blur2.glsl">
      <Filter>Resource Files</Filter>
    </None>
    <None Include="hw2\fshader_blur2_Mac.glsl">
      <Filter>Resource Files</Filter>
    </None>
    <None Include="hw2\fshader_blur_weighed.glsl">
      <Filter>Resource Files</Filter>
    </None>
    <None Include="hw1\fshader_clip.glsl">
      <Filter>Resource Files</Filter>
    </None>
    <None Include="hw1\fshader_clip_Mac.glsl">
      <Filter>Resource Files</Filter>
    </None>
    <None Include="hw1\fshader_contrast.glsl">
      <Filter>Resource Files</Filter>
    </None>
    <None Include="hw1\fshader_contrast_Mac.glsl">
      <Filter>Resource Files</Filter>
    </None>
    <None Include="hw2\fshader_convolve.glsl">
      <Filter>Resource Files</Filter>
    </None>
    <None Include="hw2\fshader_correlation.glsl">
      <Filter>Resource Files</Filter>
    </None>
    <None Include="hw1\fshader_gamma.glsl">
      <Filter>Resource Files</Filter>
    </None>
    <None Include="hw1\fshader_gamma_Mac.glsl">
      <Filter>Resource Files</Filter>
    </None>
    <None Include="hw1\fshader_histoStretch.glsl">
      <Filter>Resource Files</Filter>
    </None>
    <None Include="hw1\fshader_histoStretch_Mac.glsl">
      <Filter>Resource Files</Filter>
    </None>
    <None Include="hw2\fshader_median.glsl">
      <Filter>Resource Files</Filter>
    </None>
    <None Include="fshader_passthrough.glsl">
      <Filter>Resource Files</Filter>
    </None>
    <None Include="fshader_passthrough_Mac.glsl">
      <Filter>Resource Files</Filter>
    </None>
    <None Include="hw1\fshader_quantize.glsl">
      <Filter>Resource Files</Filter>
    </None>
    <None Include="hw1\fshader_quantize_Mac.glsl">
      <Filter>Resource Files</Filter>
    </None>
    <None Include="hw2\fshader_sharpen.glsl">
      <Filter>Resource Files</Filter>
    </None>
    <None Include="hw2\fshader_sharpen_Mac.glsl">
      <Filter>Resource Files</Filter>
    </None>
    <None Include="hw1\fshader_threshold.glsl">
      <Filter>Resource Files</Filter>
    </None>
    <None Include="hw1\fshader_threshold_Mac.glsl">
      <Filter>Resource Files</Filter>
    </None>
    <CustomBuild Include="qip.qrc">
      <Filter>Resource Files</Filter>
    </CustomBuild>
    <None Include="vshader_passthrough.glsl">
      <Filter>Resource Files</Filter>
    </None>
    <None Include="vshader_passthrough_Mac.glsl">
      <Filter>Resource Files</Filter>
    </None>
  </ItemGroup>
</Project>